<?xml version="1.0" encoding="utf-8"?>
<Project ToolsVersion="4.0" xmlns="http://schemas.microsoft.com/developer/msbuild/2003">
  <ItemGroup>
    <Filter Include="src">
      <UniqueIdentifier>{984e66e0-a8b8-4efd-9d7a-8a614dcf37b9}</UniqueIdentifier>
    </Filter>
  </ItemGroup>
  <ItemGroup>
    <ClCompile Include="src\main.cpp">
      <Filter>src</Filter>
    </ClCompile>
    <ClCompile Include="src\application.cpp">
      <Filter>src</Filter>
    </ClCompile>
  </ItemGroup>
  <ItemGroup>
    <ClInclude Include="src\windows.h">
      <Filter>src</Filter>
    </ClInclude>
    <ClInclude Include="src\application.h">
      <Filter>src</Filter>
    </ClInclude>
    <ClInclude Include="src\directx.h">
      <Filter>src</Filter>
    </ClInclude>
  </ItemGroup>
</Project>